
Microsoft Visual Studio Solution File, Format Version 12.00
# Visual Studio 16
Project("{FAE04EC0-301F-11D3-BF4B-00C04F79EFBC}") = "Assembly-CSharp", "Assembly-CSharp.csproj", "{F27A1B3B-DC63-9056-9908-DAF74A2FB834}"
EndProject
Project("{FAE04EC0-301F-11D3-BF4B-00C04F79EFBC}") = "Assembly-CSharp-Editor", "Assembly-CSharp-Editor.csproj", "{D0F977F0-34C7-056B-AF80-A8BCFB160DC5}"
EndProject
Global
	GlobalSection(SolutionConfigurationPlatforms) = preSolution
		Debug|Any CPU = Debug|Any CPU
		Release|Any CPU = Release|Any CPU
	EndGlobalSection
	GlobalSection(ProjectConfigurationPlatforms) = postSolution
		{F27A1B3B-DC63-9056-9908-DAF74A2FB834}.Debug|Any CPU.ActiveCfg = Debug|Any CPU
		{F27A1B3B-DC63-9056-9908-DAF74A2FB834}.Debug|Any CPU.Build.0 = Debug|Any CPU
		{F27A1B3B-DC63-9056-9908-DAF74A2FB834}.Release|Any CPU.ActiveCfg = Release|Any CPU
		{F27A1B3B-DC63-9056-9908-DAF74A2FB834}.Release|Any CPU.Build.0 = Release|Any CPU
		{D0F977F0-34C7-056B-AF80-A8BCFB160DC5}.Debug|Any CPU.ActiveCfg = Debug|Any CPU
		{D0F977F0-34C7-056B-AF80-A8BCFB160DC5}.Debug|Any CPU.Build.0 = Debug|Any CPU
		{D0F977F0-34C7-056B-AF80-A8BCFB160DC5}.Release|Any CPU.ActiveCfg = Release|Any CPU
		{D0F977F0-34C7-056B-AF80-A8BCFB160DC5}.Release|Any CPU.Build.0 = Release|Any CPU
	EndGlobalSection
	GlobalSection(SolutionProperties) = preSolution
		HideSolutionNode = FALSE
	EndGlobalSection
EndGlobal
